// !$*UTF8*$!
{
	archiveVersion = 1;
	classes = {
	};
	objectVersion = 50;
	objects = {

/* Begin PBXBuildFile section */
		4F28A58621F6676E0094C0B4 /* main.swift in Sources */ = {isa = PBXBuildFile; fileRef = 4F28A58521F6676E0094C0B4 /* main.swift */; };
		4F28A59D21F667DE0094C0B4 /* Game.swift in Sources */ = {isa = PBXBuildFile; fileRef = 4F28A58D21F667DE0094C0B4 /* Game.swift */; };
		4F28A59E21F667DE0094C0B4 /* Player.swift in Sources */ = {isa = PBXBuildFile; fileRef = 4F28A58E21F667DE0094C0B4 /* Player.swift */; };
		4F28A59F21F667DE0094C0B4 /* Power.swift in Sources */ = {isa = PBXBuildFile; fileRef = 4F28A59121F667DE0094C0B4 /* Power.swift */; };
		4F28A5A121F667DE0094C0B4 /* Weapon.swift in Sources */ = {isa = PBXBuildFile; fileRef = 4F28A59421F667DE0094C0B4 /* Weapon.swift */; };
		4F28A5A221F667DE0094C0B4 /* Axe.swift in Sources */ = {isa = PBXBuildFile; fileRef = 4F28A59521F667DE0094C0B4 /* Axe.swift */; };
		4F28A5A321F667DE0094C0B4 /* Sword.swift in Sources */ = {isa = PBXBuildFile; fileRef = 4F28A59621F667DE0094C0B4 /* Sword.swift */; };
		4F28A5A421F667DE0094C0B4 /* Combattant.swift in Sources */ = {isa = PBXBuildFile; fileRef = 4F28A59821F667DE0094C0B4 /* Combattant.swift */; };
		4F28A5A521F667DE0094C0B4 /* Character.swift in Sources */ = {isa = PBXBuildFile; fileRef = 4F28A59921F667DE0094C0B4 /* Character.swift */; };
		4F28A5A621F667DE0094C0B4 /* Mage.swift in Sources */ = {isa = PBXBuildFile; fileRef = 4F28A59A21F667DE0094C0B4 /* Mage.swift */; };
		4F28A5A721F667DE0094C0B4 /* Nain.swift in Sources */ = {isa = PBXBuildFile; fileRef = 4F28A59B21F667DE0094C0B4 /* Nain.swift */; };
		4F28A5A821F667DE0094C0B4 /* Colosse.swift in Sources */ = {isa = PBXBuildFile; fileRef = 4F28A59C21F667DE0094C0B4 /* Colosse.swift */; };
		4F32848B21FECF0500646E86 /* Playing.swift in Sources */ = {isa = PBXBuildFile; fileRef = 4F32848A21FECF0500646E86 /* Playing.swift */; };
		4F8BF90C221E9744000A7E15 /* Treasure.swift in Sources */ = {isa = PBXBuildFile; fileRef = 4F8BF90B221E9744000A7E15 /* Treasure.swift */; };
/* End PBXBuildFile section */

/* Begin PBXCopyFilesBuildPhase section */
		4F28A58021F6676E0094C0B4 /* CopyFiles */ = {
			isa = PBXCopyFilesBuildPhase;
			buildActionMask = 2147483647;
			dstPath = /usr/share/man/man1/;
			dstSubfolderSpec = 0;
			files = (
			);
			runOnlyForDeploymentPostprocessing = 1;
		};
/* End PBXCopyFilesBuildPhase section */

/* Begin PBXFileReference section */
		4F28A58221F6676E0094C0B4 /* jeu-video */ = {isa = PBXFileReference; explicitFileType = "compiled.mach-o.executable"; includeInIndex = 0; path = "jeu-video"; sourceTree = BUILT_PRODUCTS_DIR; };
		4F28A58521F6676E0094C0B4 /* main.swift */ = {isa = PBXFileReference; lastKnownFileType = sourcecode.swift; path = main.swift; sourceTree = "<group>"; };
		4F28A58D21F667DE0094C0B4 /* Game.swift */ = {isa = PBXFileReference; fileEncoding = 4; lastKnownFileType = sourcecode.swift; path = Game.swift; sourceTree = "<group>"; };
		4F28A58E21F667DE0094C0B4 /* Player.swift */ = {isa = PBXFileReference; fileEncoding = 4; lastKnownFileType = sourcecode.swift; path = Player.swift; sourceTree = "<group>"; };
		4F28A59121F667DE0094C0B4 /* Power.swift */ = {isa = PBXFileReference; fileEncoding = 4; lastKnownFileType = sourcecode.swift; path = Power.swift; sourceTree = "<group>"; };
		4F28A59421F667DE0094C0B4 /* Weapon.swift */ = {isa = PBXFileReference; fileEncoding = 4; lastKnownFileType = sourcecode.swift; path = Weapon.swift; sourceTree = "<group>"; };
		4F28A59521F667DE0094C0B4 /* Axe.swift */ = {isa = PBXFileReference; fileEncoding = 4; lastKnownFileType = sourcecode.swift; path = Axe.swift; sourceTree = "<group>"; };
		4F28A59621F667DE0094C0B4 /* Sword.swift */ = {isa = PBXFileReference; fileEncoding = 4; lastKnownFileType = sourcecode.swift; path = Sword.swift; sourceTree = "<group>"; };
		4F28A59821F667DE0094C0B4 /* Combattant.swift */ = {isa = PBXFileReference; fileEncoding = 4; lastKnownFileType = sourcecode.swift; path = Combattant.swift; sourceTree = "<group>"; };
		4F28A59921F667DE0094C0B4 /* Character.swift */ = {isa = PBXFileReference; fileEncoding = 4; lastKnownFileType = sourcecode.swift; path = Character.swift; sourceTree = "<group>"; };
		4F28A59A21F667DE0094C0B4 /* Mage.swift */ = {isa = PBXFileReference; fileEncoding = 4; lastKnownFileType = sourcecode.swift; path = Mage.swift; sourceTree = "<group>"; };
		4F28A59B21F667DE0094C0B4 /* Nain.swift */ = {isa = PBXFileReference; fileEncoding = 4; lastKnownFileType = sourcecode.swift; path = Nain.swift; sourceTree = "<group>"; };
		4F28A59C21F667DE0094C0B4 /* Colosse.swift */ = {isa = PBXFileReference; fileEncoding = 4; lastKnownFileType = sourcecode.swift; path = Colosse.swift; sourceTree = "<group>"; };
		4F32848A21FECF0500646E86 /* Playing.swift */ = {isa = PBXFileReference; lastKnownFileType = sourcecode.swift; path = Playing.swift; sourceTree = "<group>"; };
		4F8BF90B221E9744000A7E15 /* Treasure.swift */ = {isa = PBXFileReference; lastKnownFileType = sourcecode.swift; path = Treasure.swift; sourceTree = "<group>"; };
/* End PBXFileReference section */

/* Begin PBXFrameworksBuildPhase section */
		4F28A57F21F6676E0094C0B4 /* Frameworks */ = {
			isa = PBXFrameworksBuildPhase;
			buildActionMask = 2147483647;
			files = (
			);
			runOnlyForDeploymentPostprocessing = 0;
		};
/* End PBXFrameworksBuildPhase section */

/* Begin PBXGroup section */
		4F28A57921F6676E0094C0B4 = {
			isa = PBXGroup;
			children = (
				4F28A58421F6676E0094C0B4 /* jeu-video */,
				4F28A58321F6676E0094C0B4 /* Products */,
			);
			sourceTree = "<group>";
		};
		4F28A58321F6676E0094C0B4 /* Products */ = {
			isa = PBXGroup;
			children = (
				4F28A58221F6676E0094C0B4 /* jeu-video */,
			);
			name = Products;
			sourceTree = "<group>";
		};
		4F28A58421F6676E0094C0B4 /* jeu-video */ = {
			isa = PBXGroup;
			children = (
				4F28A58F21F667DE0094C0B4 /* Caracteristics */,
				4F28A58C21F667DE0094C0B4 /* Launcher */,
				4F28A58521F6676E0094C0B4 /* main.swift */,
			);
			path = "jeu-video";
			sourceTree = "<group>";
		};
		4F28A58C21F667DE0094C0B4 /* Launcher */ = {
			isa = PBXGroup;
			children = (
				4F28A58E21F667DE0094C0B4 /* Player.swift */,
				4F28A58D21F667DE0094C0B4 /* Game.swift */,
				4F32848A21FECF0500646E86 /* Playing.swift */,
				4F8BF90B221E9744000A7E15 /* Treasure.swift */,
			);
			path = Launcher;
			sourceTree = "<group>";
		};
		4F28A58F21F667DE0094C0B4 /* Caracteristics */ = {
			isa = PBXGroup;
			children = (
				4F28A59021F667DE0094C0B4 /* powers */,
				4F28A59321F667DE0094C0B4 /* weapons */,
				4F28A59721F667DE0094C0B4 /* characters */,
			);
			path = Caracteristics;
			sourceTree = "<group>";
		};
		4F28A59021F667DE0094C0B4 /* powers */ = {
			isa = PBXGroup;
			children = (
				4F28A59121F667DE0094C0B4 /* Power.swift */,
			);
			path = powers;
			sourceTree = "<group>";
		};
		4F28A59321F667DE0094C0B4 /* weapons */ = {
			isa = PBXGroup;
			children = (
				4F28A59421F667DE0094C0B4 /* Weapon.swift */,
				4F28A59521F667DE0094C0B4 /* Axe.swift */,
				4F28A59621F667DE0094C0B4 /* Sword.swift */,
			);
			path = weapons;
			sourceTree = "<group>";
		};
		4F28A59721F667DE0094C0B4 /* characters */ = {
			isa = PBXGroup;
			children = (
				4F28A59821F667DE0094C0B4 /* Combattant.swift */,
				4F28A59921F667DE0094C0B4 /* Character.swift */,
				4F28A59A21F667DE0094C0B4 /* Mage.swift */,
				4F28A59B21F667DE0094C0B4 /* Nain.swift */,
				4F28A59C21F667DE0094C0B4 /* Colosse.swift */,
			);
			path = characters;
			sourceTree = "<group>";
		};
/* End PBXGroup section */

/* Begin PBXNativeTarget section */
		4F28A58121F6676E0094C0B4 /* jeu-video */ = {
			isa = PBXNativeTarget;
			buildConfigurationList = 4F28A58921F6676E0094C0B4 /* Build configuration list for PBXNativeTarget "jeu-video" */;
			buildPhases = (
				4F28A57E21F6676E0094C0B4 /* Sources */,
				4F28A57F21F6676E0094C0B4 /* Frameworks */,
				4F28A58021F6676E0094C0B4 /* CopyFiles */,
			);
			buildRules = (
			);
			dependencies = (
			);
			name = "jeu-video";
			productName = "jeu-video";
			productReference = 4F28A58221F6676E0094C0B4 /* jeu-video */;
			productType = "com.apple.product-type.tool";
		};
/* End PBXNativeTarget section */

/* Begin PBXProject section */
		4F28A57A21F6676E0094C0B4 /* Project object */ = {
			isa = PBXProject;
			attributes = {
				LastSwiftUpdateCheck = 1010;
				LastUpgradeCheck = 1010;
				ORGANIZATIONNAME = "Gustav Berloty";
				TargetAttributes = {
					4F28A58121F6676E0094C0B4 = {
						CreatedOnToolsVersion = 10.1;
					};
				};
			};
			buildConfigurationList = 4F28A57D21F6676E0094C0B4 /* Build configuration list for PBXProject "jeu-video" */;
			compatibilityVersion = "Xcode 9.3";
			developmentRegion = en;
			hasScannedForEncodings = 0;
			knownRegions = (
				en,
			);
			mainGroup = 4F28A57921F6676E0094C0B4;
			productRefGroup = 4F28A58321F6676E0094C0B4 /* Products */;
			projectDirPath = "";
			projectRoot = "";
			targets = (
				4F28A58121F6676E0094C0B4 /* jeu-video */,
			);
		};
/* End PBXProject section */

/* Begin PBXSourcesBuildPhase section */
		4F28A57E21F6676E0094C0B4 /* Sources */ = {
			isa = PBXSourcesBuildPhase;
			buildActionMask = 2147483647;
			files = (
				4F28A58621F6676E0094C0B4 /* main.swift in Sources */,
				4F32848B21FECF0500646E86 /* Playing.swift in Sources */,
				4F28A5A221F667DE0094C0B4 /* Axe.swift in Sources */,
				4F28A59E21F667DE0094C0B4 /* Player.swift in Sources */,
				4F28A5A721F667DE0094C0B4 /* Nain.swift in Sources */,
				4F28A59D21F667DE0094C0B4 /* Game.swift in Sources */,
				4F8BF90C221E9744000A7E15 /* Treasure.swift in Sources */,
				4F28A5A321F667DE0094C0B4 /* Sword.swift in Sources */,
				4F28A5A421F667DE0094C0B4 /* Combattant.swift in Sources */,
				4F28A5A821F667DE0094C0B4 /* Colosse.swift in Sources */,
				4F28A5A621F667DE0094C0B4 /* Mage.swift in Sources */,
				4F28A5A521F667DE0094C0B4 /* Character.swift in Sources */,
				4F28A59F21F667DE0094C0B4 /* Power.swift in Sources */,
				4F28A5A121F667DE0094C0B4 /* Weapon.swift in Sources */,
			);
			runOnlyForDeploymentPostprocessing = 0;
		};
/* End PBXSourcesBuildPhase section */

/* Begin XCBuildConfiguration section */
		4F28A58721F6676E0094C0B4 /* Debug */ = {
			isa = XCBuildConfiguration;
			buildSettings = {
				ALWAYS_SEARCH_USER_PATHS = NO;
				CLANG_ANALYZER_NONNULL = YES;
				CLANG_ANALYZER_NUMBER_OBJECT_CONVERSION = YES_AGGRESSIVE;
				CLANG_CXX_LANGUAGE_STANDARD = "gnu++14";
				CLANG_CXX_LIBRARY = "libc++";
				CLANG_ENABLE_MODULES = YES;
				CLANG_ENABLE_OBJC_ARC = YES;
				CLANG_ENABLE_OBJC_WEAK = YES;
				CLANG_WARN_BLOCK_CAPTURE_AUTORELEASING = YES;
				CLANG_WARN_BOOL_CONVERSION = YES;
				CLANG_WARN_COMMA = YES;
				CLANG_WARN_CONSTANT_CONVERSION = YES;
				CLANG_WARN_DEPRECATED_OBJC_IMPLEMENTATIONS = YES;
				CLANG_WARN_DIRECT_OBJC_ISA_USAGE = YES_ERROR;
				CLANG_WARN_DOCUMENTATION_COMMENTS = YES;
				CLANG_WARN_EMPTY_BODY = YES;
				CLANG_WARN_ENUM_CONVERSION = YES;
				CLANG_WARN_INFINITE_RECURSION = YES;
				CLANG_WARN_INT_CONVERSION = YES;
				CLANG_WARN_NON_LITERAL_NULL_CONVERSION = YES;
				CLANG_WARN_OBJC_IMPLICIT_RETAIN_SELF = YES;
				CLANG_WARN_OBJC_LITERAL_CONVERSION = YES;
				CLANG_WARN_OBJC_ROOT_CLASS = YES_ERROR;
				CLANG_WARN_RANGE_LOOP_ANALYSIS = YES;
				CLANG_WARN_STRICT_PROTOTYPES = YES;
				CLANG_WARN_SUSPICIOUS_MOVE = YES;
				CLANG_WARN_UNGUARDED_AVAILABILITY = YES_AGGRESSIVE;
				CLANG_WARN_UNREACHABLE_CODE = YES;
				CLANG_WARN__DUPLICATE_METHOD_MATCH = YES;
				CODE_SIGN_IDENTITY = "Mac Developer";
				COPY_PHASE_STRIP = NO;
				DEBUG_INFORMATION_FORMAT = dwarf;
				ENABLE_STRICT_OBJC_MSGSEND = YES;
				ENABLE_TESTABILITY = YES;
				GCC_C_LANGUAGE_STANDARD = gnu11;
				GCC_DYNAMIC_NO_PIC = NO;
				GCC_NO_COMMON_BLOCKS = YES;
				GCC_OPTIMIZATION_LEVEL = 0;
				GCC_PREPROCESSOR_DEFINITIONS = (
					"DEBUG=1",
					"$(inherited)",
				);
				GCC_WARN_64_TO_32_BIT_CONVERSION = YES;
				GCC_WARN_ABOUT_RETURN_TYPE = YES_ERROR;
				GCC_WARN_UNDECLARED_SELECTOR = YES;
				GCC_WARN_UNINITIALIZED_AUTOS = YES_AGGRESSIVE;
				GCC_WARN_UNUSED_FUNCTION = YES;
				GCC_WARN_UNUSED_VARIABLE = YES;
				MACOSX_DEPLOYMENT_TARGET = 10.14;
				MTL_ENABLE_DEBUG_INFO = INCLUDE_SOURCE;
				MTL_FAST_MATH = YES;
				ONLY_ACTIVE_ARCH = YES;
				SDKROOT = macosx;
				SWIFT_ACTIVE_COMPILATION_CONDITIONS = DEBUG;
				SWIFT_OPTIMIZATION_LEVEL = "-Onone";
			};
			name = Debug;
		};
		4F28A58821F6676E0094C0B4 /* Release */ = {
			isa = XCBuildConfiguration;
			buildSettings = {
				ALWAYS_SEARCH_USER_PATHS = NO;
				CLANG_ANALYZER_NONNULL = YES;
				CLANG_ANALYZER_NUMBER_OBJECT_CONVERSION = YES_AGGRESSIVE;
				CLANG_CXX_LANGUAGE_STANDARD = "gnu++14";
				CLANG_CXX_LIBRARY = "libc++";
				CLANG_ENABLE_MODULES = YES;
				CLANG_ENABLE_OBJC_ARC = YES;
				CLANG_ENABLE_OBJC_WEAK = YES;
				CLANG_WARN_BLOCK_CAPTURE_AUTORELEASING = YES;
				CLANG_WARN_BOOL_CONVERSION = YES;
				CLANG_WARN_COMMA = YES;
				CLANG_WARN_CONSTANT_CONVERSION = YES;
				CLANG_WARN_DEPRECATED_OBJC_IMPLEMENTATIONS = YES;
				CLANG_WARN_DIRECT_OBJC_ISA_USAGE = YES_ERROR;
				CLANG_WARN_DOCUMENTATION_COMMENTS = YES;
				CLANG_WARN_EMPTY_BODY = YES;
				CLANG_WARN_ENUM_CONVERSION = YES;
				CLANG_WARN_INFINITE_RECURSION = YES;
				CLANG_WARN_INT_CONVERSION = YES;
				CLANG_WARN_NON_LITERAL_NULL_CONVERSION = YES;
				CLANG_WARN_OBJC_IMPLICIT_RETAIN_SELF = YES;
				CLANG_WARN_OBJC_LITERAL_CONVERSION = YES;
				CLANG_WARN_OBJC_ROOT_CLASS = YES_ERROR;
				CLANG_WARN_RANGE_LOOP_ANALYSIS = YES;
				CLANG_WARN_STRICT_PROTOTYPES = YES;
				CLANG_WARN_SUSPICIOUS_MOVE = YES;
				CLANG_WARN_UNGUARDED_AVAILABILITY = YES_AGGRESSIVE;
				CLANG_WARN_UNREACHABLE_CODE = YES;
				CLANG_WARN__DUPLICATE_METHOD_MATCH = YES;
				CODE_SIGN_IDENTITY = "Mac Developer";
				COPY_PHASE_STRIP = NO;
				DEBUG_INFORMATION_FORMAT = "dwarf-with-dsym";
				ENABLE_NS_ASSERTIONS = NO;
				ENABLE_STRICT_OBJC_MSGSEND = YES;
				GCC_C_LANGUAGE_STANDARD = gnu11;
				GCC_NO_COMMON_BLOCKS = YES;
				GCC_WARN_64_TO_32_BIT_CONVERSION = YES;
				GCC_WARN_ABOUT_RETURN_TYPE = YES_ERROR;
				GCC_WARN_UNDECLARED_SELECTOR = YES;
				GCC_WARN_UNINITIALIZED_AUTOS = YES_AGGRESSIVE;
				GCC_WARN_UNUSED_FUNCTION = YES;
				GCC_WARN_UNUSED_VARIABLE = YES;
				MACOSX_DEPLOYMENT_TARGET = 10.14;
				MTL_ENABLE_DEBUG_INFO = NO;
				MTL_FAST_MATH = YES;
				SDKROOT = macosx;
				SWIFT_COMPILATION_MODE = wholemodule;
				SWIFT_OPTIMIZATION_LEVEL = "-O";
			};
			name = Release;
		};
		4F28A58A21F6676E0094C0B4 /* Debug */ = {
			isa = XCBuildConfiguration;
			buildSettings = {
				CODE_SIGN_STYLE = Automatic;
				DEVELOPMENT_TEAM = 3KQMJ8RW9C;
				PRODUCT_NAME = "$(TARGET_NAME)";
				SWIFT_VERSION = 4.2;
			};
			name = Debug;
		};
		4F28A58B21F6676E0094C0B4 /* Release */ = {
			isa = XCBuildConfiguration;
			buildSettings = {
				CODE_SIGN_STYLE = Automatic;
				DEVELOPMENT_TEAM = 3KQMJ8RW9C;
				PRODUCT_NAME = "$(TARGET_NAME)";
				SWIFT_VERSION = 4.2;
			};
			name = Release;
		};
/* End XCBuildConfiguration section */

/* Begin XCConfigurationList section */
		4F28A57D21F6676E0094C0B4 /* Build configuration list for PBXProject "jeu-video" */ = {
			isa = XCConfigurationList;
			buildConfigurations = (
				4F28A58721F6676E0094C0B4 /* Debug */,
				4F28A58821F6676E0094C0B4 /* Release */,
			);
			defaultConfigurationIsVisible = 0;
			defaultConfigurationName = Release;
		};
		4F28A58921F6676E0094C0B4 /* Build configuration list for PBXNativeTarget "jeu-video" */ = {
			isa = XCConfigurationList;
			buildConfigurations = (
				4F28A58A21F6676E0094C0B4 /* Debug */,
				4F28A58B21F6676E0094C0B4 /* Release */,
			);
			defaultConfigurationIsVisible = 0;
			defaultConfigurationName = Release;
		};
/* End XCConfigurationList section */
	};
	rootObject = 4F28A57A21F6676E0094C0B4 /* Project object */;
}
